
Microsoft Visual Studio Solution File, Format Version 12.00
# Visual Studio Version 16
VisualStudioVersion = 16.0.30225.117
MinimumVisualStudioVersion = 10.0.40219.1
Project("{9A19103F-16F7-4668-BE54-9A1E7A4F7556}") = "MsmqSample.Api", "MsmqSample.Api\MsmqSample.Api.csproj", "{FE500DEB-17E4-4915-BC5B-C39DB56F0051}"
EndProject
Project("{2150E333-8FDC-42A3-9474-1A3956D46DE8}") = "Solution Items", "Solution Items", "{33C5E92C-3EB5-4DA1-9F08-EC34893A5286}"
	ProjectSection(SolutionItems) = preProject
		.editorconfig = .editorconfig
	EndProjectSection
EndProject
Project("{9A19103F-16F7-4668-BE54-9A1E7A4F7556}") = "MsmqSample.Core", "MsmqSample.Core\MsmqSample.Core.csproj", "{C4DC5DF1-BC3B-4BE1-92C1-3CE9B5CC3CA7}"
EndProject
Project("{9A19103F-16F7-4668-BE54-9A1E7A4F7556}") = "MsmqSample.Common", "MsmqSample.Common\MsmqSample.Common.csproj", "{CF0A1A23-482B-45C5-AFE3-6431526C4CD4}"
EndProject
Project("{FAE04EC0-301F-11D3-BF4B-00C04F79EFBC}") = "MsmqSample.ConsoleApp", "MsmqSample.ConsoleApp\MsmqSample.ConsoleApp.csproj", "{0AF6C978-7088-4639-9047-AF61D74E3CFE}"
EndProject
Global
	GlobalSection(SolutionConfigurationPlatforms) = preSolution
		Debug|Any CPU = Debug|Any CPU
		Release|Any CPU = Release|Any CPU
	EndGlobalSection
	GlobalSection(ProjectConfigurationPlatforms) = postSolution
		{FE500DEB-17E4-4915-BC5B-C39DB56F0051}.Debug|Any CPU.ActiveCfg = Debug|Any CPU
		{FE500DEB-17E4-4915-BC5B-C39DB56F0051}.Debug|Any CPU.Build.0 = Debug|Any CPU
		{FE500DEB-17E4-4915-BC5B-C39DB56F0051}.Release|Any CPU.ActiveCfg = Release|Any CPU
		{FE500DEB-17E4-4915-BC5B-C39DB56F0051}.Release|Any CPU.Build.0 = Release|Any CPU
		{C4DC5DF1-BC3B-4BE1-92C1-3CE9B5CC3CA7}.Debug|Any CPU.ActiveCfg = Debug|Any CPU
		{C4DC5DF1-BC3B-4BE1-92C1-3CE9B5CC3CA7}.Debug|Any CPU.Build.0 = Debug|Any CPU
		{C4DC5DF1-BC3B-4BE1-92C1-3CE9B5CC3CA7}.Release|Any CPU.ActiveCfg = Release|Any CPU
		{C4DC5DF1-BC3B-4BE1-92C1-3CE9B5CC3CA7}.Release|Any CPU.Build.0 = Release|Any CPU
		{CF0A1A23-482B-45C5-AFE3-6431526C4CD4}.Debug|Any CPU.ActiveCfg = Debug|Any CPU
		{CF0A1A23-482B-45C5-AFE3-6431526C4CD4}.Debug|Any CPU.Build.0 = Debug|Any CPU
		{CF0A1A23-482B-45C5-AFE3-6431526C4CD4}.Release|Any CPU.ActiveCfg = Release|Any CPU
		{CF0A1A23-482B-45C5-AFE3-6431526C4CD4}.Release|Any CPU.Build.0 = Release|Any CPU
		{0AF6C978-7088-4639-9047-AF61D74E3CFE}.Debug|Any CPU.ActiveCfg = Debug|Any CPU
		{0AF6C978-7088-4639-9047-AF61D74E3CFE}.Debug|Any CPU.Build.0 = Debug|Any CPU
		{0AF6C978-7088-4639-9047-AF61D74E3CFE}.Release|Any CPU.ActiveCfg = Release|Any CPU
		{0AF6C978-7088-4639-9047-AF61D74E3CFE}.Release|Any CPU.Build.0 = Release|Any CPU
	EndGlobalSection
	GlobalSection(SolutionProperties) = preSolution
		HideSolutionNode = FALSE
	EndGlobalSection
	GlobalSection(ExtensibilityGlobals) = postSolution
		SolutionGuid = {25A96662-670D-494E-AD86-8EDF14FDB824}
	EndGlobalSection
EndGlobal
